
Microsoft Visual Studio Solution File, Format Version 12.00
# Visual Studio Version 17
VisualStudioVersion = 17.4.33213.308
MinimumVisualStudioVersion = 10.0.40219.1
Project("{2150E333-8FDC-42A3-9474-1A3956D46DE8}") = "src", "src", "{7E1C8440-4BC2-4865-AC14-58B3AEF87AA5}"
EndProject
Project("{2150E333-8FDC-42A3-9474-1A3956D46DE8}") = "Application", "Application", "{C24AE94B-9655-4259-A589-2A6C6CA22C5E}"
EndProject
Project("{2150E333-8FDC-42A3-9474-1A3956D46DE8}") = "WebUI", "WebUI", "{FE2A5FA2-3674-405C-B66A-5B160B56562D}"
EndProject
Project("{2150E333-8FDC-42A3-9474-1A3956D46DE8}") = "Domains", "Domains", "{2BCB80F0-4AB7-40FD-90AE-75043CE46D71}"
EndProject
Project("{2150E333-8FDC-42A3-9474-1A3956D46DE8}") = "Infrastructure", "Infrastructure", "{3DD52701-7D07-4AB9-8878-E7FC99017075}"
EndProject
Project("{FAE04EC0-301F-11D3-BF4B-00C04F79EFBC}") = "ProductApp.Mvc", "src\WebUI\ProductApp.Mvc\ProductApp.Mvc.csproj", "{E7801215-9B92-4CEE-B93A-B33E8B04A708}"
EndProject
Project("{FAE04EC0-301F-11D3-BF4B-00C04F79EFBC}") = "ProductApp.Entities", "src\Domains\ProductApp.Domains\ProductApp.Entities.csproj", "{E9385939-037A-4541-9B02-88C848264ED3}"
EndProject
Project("{FAE04EC0-301F-11D3-BF4B-00C04F79EFBC}") = "ProductApp.Dto", "src\Application\ProductApp.Dto\ProductApp.Dto.csproj", "{FC5E41BA-D42A-44D4-9E6A-AA2002C06998}"
EndProject
Project("{FAE04EC0-301F-11D3-BF4B-00C04F79EFBC}") = "ProductApp.Services", "src\Application\ProductApp.Services\ProductApp.Services.csproj", "{A2A0AF4D-8871-4BF9-AA2B-380A1A317A25}"
EndProject
Project("{FAE04EC0-301F-11D3-BF4B-00C04F79EFBC}") = "ProductApp.Infrastructure", "src\Infrastructure\ProductApp.Infrastructure\ProductApp.Infrastructure.csproj", "{90E16F8A-AF75-455C-90DD-F5761EFC7FAC}"
EndProject
Global
	GlobalSection(SolutionConfigurationPlatforms) = preSolution
		Debug|Any CPU = Debug|Any CPU
		Release|Any CPU = Release|Any CPU
	EndGlobalSection
	GlobalSection(ProjectConfigurationPlatforms) = postSolution
		{E7801215-9B92-4CEE-B93A-B33E8B04A708}.Debug|Any CPU.ActiveCfg = Debug|Any CPU
		{E7801215-9B92-4CEE-B93A-B33E8B04A708}.Debug|Any CPU.Build.0 = Debug|Any CPU
		{E7801215-9B92-4CEE-B93A-B33E8B04A708}.Release|Any CPU.ActiveCfg = Release|Any CPU
		{E7801215-9B92-4CEE-B93A-B33E8B04A708}.Release|Any CPU.Build.0 = Release|Any CPU
		{E9385939-037A-4541-9B02-88C848264ED3}.Debug|Any CPU.ActiveCfg = Debug|Any CPU
		{E9385939-037A-4541-9B02-88C848264ED3}.Debug|Any CPU.Build.0 = Debug|Any CPU
		{E9385939-037A-4541-9B02-88C848264ED3}.Release|Any CPU.ActiveCfg = Release|Any CPU
		{E9385939-037A-4541-9B02-88C848264ED3}.Release|Any CPU.Build.0 = Release|Any CPU
		{FC5E41BA-D42A-44D4-9E6A-AA2002C06998}.Debug|Any CPU.ActiveCfg = Debug|Any CPU
		{FC5E41BA-D42A-44D4-9E6A-AA2002C06998}.Debug|Any CPU.Build.0 = Debug|Any CPU
		{FC5E41BA-D42A-44D4-9E6A-AA2002C06998}.Release|Any CPU.ActiveCfg = Release|Any CPU
		{FC5E41BA-D42A-44D4-9E6A-AA2002C06998}.Release|Any CPU.Build.0 = Release|Any CPU
		{A2A0AF4D-8871-4BF9-AA2B-380A1A317A25}.Debug|Any CPU.ActiveCfg = Debug|Any CPU
		{A2A0AF4D-8871-4BF9-AA2B-380A1A317A25}.Debug|Any CPU.Build.0 = Debug|Any CPU
		{A2A0AF4D-8871-4BF9-AA2B-380A1A317A25}.Release|Any CPU.ActiveCfg = Release|Any CPU
		{A2A0AF4D-8871-4BF9-AA2B-380A1A317A25}.Release|Any CPU.Build.0 = Release|Any CPU
		{90E16F8A-AF75-455C-90DD-F5761EFC7FAC}.Debug|Any CPU.ActiveCfg = Debug|Any CPU
		{90E16F8A-AF75-455C-90DD-F5761EFC7FAC}.Debug|Any CPU.Build.0 = Debug|Any CPU
		{90E16F8A-AF75-455C-90DD-F5761EFC7FAC}.Release|Any CPU.ActiveCfg = Release|Any CPU
		{90E16F8A-AF75-455C-90DD-F5761EFC7FAC}.Release|Any CPU.Build.0 = Release|Any CPU
	EndGlobalSection
	GlobalSection(SolutionProperties) = preSolution
		HideSolutionNode = FALSE
	EndGlobalSection
	GlobalSection(NestedProjects) = preSolution
		{C24AE94B-9655-4259-A589-2A6C6CA22C5E} = {7E1C8440-4BC2-4865-AC14-58B3AEF87AA5}
		{FE2A5FA2-3674-405C-B66A-5B160B56562D} = {7E1C8440-4BC2-4865-AC14-58B3AEF87AA5}
		{2BCB80F0-4AB7-40FD-90AE-75043CE46D71} = {7E1C8440-4BC2-4865-AC14-58B3AEF87AA5}
		{3DD52701-7D07-4AB9-8878-E7FC99017075} = {7E1C8440-4BC2-4865-AC14-58B3AEF87AA5}
		{E7801215-9B92-4CEE-B93A-B33E8B04A708} = {FE2A5FA2-3674-405C-B66A-5B160B56562D}
		{E9385939-037A-4541-9B02-88C848264ED3} = {2BCB80F0-4AB7-40FD-90AE-75043CE46D71}
		{FC5E41BA-D42A-44D4-9E6A-AA2002C06998} = {C24AE94B-9655-4259-A589-2A6C6CA22C5E}
		{A2A0AF4D-8871-4BF9-AA2B-380A1A317A25} = {C24AE94B-9655-4259-A589-2A6C6CA22C5E}
		{90E16F8A-AF75-455C-90DD-F5761EFC7FAC} = {3DD52701-7D07-4AB9-8878-E7FC99017075}
	EndGlobalSection
	GlobalSection(ExtensibilityGlobals) = postSolution
		SolutionGuid = {EE0DF7B9-C443-486E-B7EC-E8812293445C}
	EndGlobalSection
EndGlobal
