
Microsoft Visual Studio Solution File, Format Version 12.00
# Visual Studio Version 17
VisualStudioVersion = 17.4.33213.308
MinimumVisualStudioVersion = 10.0.40219.1
Project("{2150E333-8FDC-42A3-9474-1A3956D46DE8}") = "src", "src", "{7E1C8440-4BC2-4865-AC14-58B3AEF87AA5}"
EndProject
Project("{2150E333-8FDC-42A3-9474-1A3956D46DE8}") = "Application", "Application", "{C24AE94B-9655-4259-A589-2A6C6CA22C5E}"
EndProject
Project("{2150E333-8FDC-42A3-9474-1A3956D46DE8}") = "WebUI", "WebUI", "{FE2A5FA2-3674-405C-B66A-5B160B56562D}"
EndProject
Project("{2150E333-8FDC-42A3-9474-1A3956D46DE8}") = "Infrastructure", "Infrastructure", "{3DD52701-7D07-4AB9-8878-E7FC99017075}"
EndProject
Project("{9A19103F-16F7-4668-BE54-9A1E7A4F7556}") = "ProductApp.Mvc", "src\WebUI\ProductApp.Mvc\ProductApp.Mvc.csproj", "{E7801215-9B92-4CEE-B93A-B33E8B04A708}"
EndProject
Project("{9A19103F-16F7-4668-BE54-9A1E7A4F7556}") = "ProductApp.Dto", "src\Application\ProductApp.Dto\ProductApp.Dto.csproj", "{FC5E41BA-D42A-44D4-9E6A-AA2002C06998}"
EndProject
Project("{9A19103F-16F7-4668-BE54-9A1E7A4F7556}") = "ProductApp.Services", "src\Application\ProductApp.Services\ProductApp.Services.csproj", "{A2A0AF4D-8871-4BF9-AA2B-380A1A317A25}"
EndProject
Project("{9A19103F-16F7-4668-BE54-9A1E7A4F7556}") = "ProductApp.Infrastructure", "src\Infrastructure\ProductApp.Infrastructure\ProductApp.Infrastructure.csproj", "{90E16F8A-AF75-455C-90DD-F5761EFC7FAC}"
EndProject
Project("{2150E333-8FDC-42A3-9474-1A3956D46DE8}") = "Domains", "Domains", "{86EE3D32-9CBF-42B7-8DA7-DE5013124DFF}"
EndProject
Project("{9A19103F-16F7-4668-BE54-9A1E7A4F7556}") = "ProductApp.Entities", "src\Domains\ProductApp.Entities\ProductApp.Entities.csproj", "{F13A6C0C-0423-47C3-B70B-D7B1FEFDEC54}"
EndProject
Project("{2150E333-8FDC-42A3-9474-1A3956D46DE8}") = "WebAPI", "WebAPI", "{8CDB1F9F-935D-4A6C-A77E-D2AA516AE147}"
EndProject
Project("{FAE04EC0-301F-11D3-BF4B-00C04F79EFBC}") = "ProductApp.API", "src\WebAPI\ProductApp.API\ProductApp.API.csproj", "{01CCF6AF-F895-41D8-81C8-74E862D03F03}"
EndProject
Global
	GlobalSection(SolutionConfigurationPlatforms) = preSolution
		Debug|Any CPU = Debug|Any CPU
		Release|Any CPU = Release|Any CPU
	EndGlobalSection
	GlobalSection(ProjectConfigurationPlatforms) = postSolution
		{E7801215-9B92-4CEE-B93A-B33E8B04A708}.Debug|Any CPU.ActiveCfg = Debug|Any CPU
		{E7801215-9B92-4CEE-B93A-B33E8B04A708}.Debug|Any CPU.Build.0 = Debug|Any CPU
		{E7801215-9B92-4CEE-B93A-B33E8B04A708}.Release|Any CPU.ActiveCfg = Release|Any CPU
		{E7801215-9B92-4CEE-B93A-B33E8B04A708}.Release|Any CPU.Build.0 = Release|Any CPU
		{FC5E41BA-D42A-44D4-9E6A-AA2002C06998}.Debug|Any CPU.ActiveCfg = Debug|Any CPU
		{FC5E41BA-D42A-44D4-9E6A-AA2002C06998}.Debug|Any CPU.Build.0 = Debug|Any CPU
		{FC5E41BA-D42A-44D4-9E6A-AA2002C06998}.Release|Any CPU.ActiveCfg = Release|Any CPU
		{FC5E41BA-D42A-44D4-9E6A-AA2002C06998}.Release|Any CPU.Build.0 = Release|Any CPU
		{A2A0AF4D-8871-4BF9-AA2B-380A1A317A25}.Debug|Any CPU.ActiveCfg = Debug|Any CPU
		{A2A0AF4D-8871-4BF9-AA2B-380A1A317A25}.Debug|Any CPU.Build.0 = Debug|Any CPU
		{A2A0AF4D-8871-4BF9-AA2B-380A1A317A25}.Release|Any CPU.ActiveCfg = Release|Any CPU
		{A2A0AF4D-8871-4BF9-AA2B-380A1A317A25}.Release|Any CPU.Build.0 = Release|Any CPU
		{90E16F8A-AF75-455C-90DD-F5761EFC7FAC}.Debug|Any CPU.ActiveCfg = Debug|Any CPU
		{90E16F8A-AF75-455C-90DD-F5761EFC7FAC}.Debug|Any CPU.Build.0 = Debug|Any CPU
		{90E16F8A-AF75-455C-90DD-F5761EFC7FAC}.Release|Any CPU.ActiveCfg = Release|Any CPU
		{90E16F8A-AF75-455C-90DD-F5761EFC7FAC}.Release|Any CPU.Build.0 = Release|Any CPU
		{F13A6C0C-0423-47C3-B70B-D7B1FEFDEC54}.Debug|Any CPU.ActiveCfg = Debug|Any CPU
		{F13A6C0C-0423-47C3-B70B-D7B1FEFDEC54}.Debug|Any CPU.Build.0 = Debug|Any CPU
		{F13A6C0C-0423-47C3-B70B-D7B1FEFDEC54}.Release|Any CPU.ActiveCfg = Release|Any CPU
		{F13A6C0C-0423-47C3-B70B-D7B1FEFDEC54}.Release|Any CPU.Build.0 = Release|Any CPU
		{01CCF6AF-F895-41D8-81C8-74E862D03F03}.Debug|Any CPU.ActiveCfg = Debug|Any CPU
		{01CCF6AF-F895-41D8-81C8-74E862D03F03}.Debug|Any CPU.Build.0 = Debug|Any CPU
		{01CCF6AF-F895-41D8-81C8-74E862D03F03}.Release|Any CPU.ActiveCfg = Release|Any CPU
		{01CCF6AF-F895-41D8-81C8-74E862D03F03}.Release|Any CPU.Build.0 = Release|Any CPU
	EndGlobalSection
	GlobalSection(SolutionProperties) = preSolution
		HideSolutionNode = FALSE
	EndGlobalSection
	GlobalSection(NestedProjects) = preSolution
		{C24AE94B-9655-4259-A589-2A6C6CA22C5E} = {7E1C8440-4BC2-4865-AC14-58B3AEF87AA5}
		{FE2A5FA2-3674-405C-B66A-5B160B56562D} = {7E1C8440-4BC2-4865-AC14-58B3AEF87AA5}
		{3DD52701-7D07-4AB9-8878-E7FC99017075} = {7E1C8440-4BC2-4865-AC14-58B3AEF87AA5}
		{E7801215-9B92-4CEE-B93A-B33E8B04A708} = {FE2A5FA2-3674-405C-B66A-5B160B56562D}
		{FC5E41BA-D42A-44D4-9E6A-AA2002C06998} = {C24AE94B-9655-4259-A589-2A6C6CA22C5E}
		{A2A0AF4D-8871-4BF9-AA2B-380A1A317A25} = {C24AE94B-9655-4259-A589-2A6C6CA22C5E}
		{90E16F8A-AF75-455C-90DD-F5761EFC7FAC} = {3DD52701-7D07-4AB9-8878-E7FC99017075}
		{86EE3D32-9CBF-42B7-8DA7-DE5013124DFF} = {7E1C8440-4BC2-4865-AC14-58B3AEF87AA5}
		{F13A6C0C-0423-47C3-B70B-D7B1FEFDEC54} = {86EE3D32-9CBF-42B7-8DA7-DE5013124DFF}
		{8CDB1F9F-935D-4A6C-A77E-D2AA516AE147} = {7E1C8440-4BC2-4865-AC14-58B3AEF87AA5}
		{01CCF6AF-F895-41D8-81C8-74E862D03F03} = {8CDB1F9F-935D-4A6C-A77E-D2AA516AE147}
	EndGlobalSection
	GlobalSection(ExtensibilityGlobals) = postSolution
		SolutionGuid = {EE0DF7B9-C443-486E-B7EC-E8812293445C}
	EndGlobalSection
EndGlobal
